
Microsoft Visual Studio Solution File, Format Version 12.00
# Visual Studio 14
VisualStudioVersion = 14.0.23107.0
MinimumVisualStudioVersion = 10.0.40219.1
Project("{FAE04EC0-301F-11D3-BF4B-00C04F79EFBC}") = "IPChange", "IPChange\IPChange.csproj", "{20826DB1-45D8-4742-BE71-630ED7A4AAC7}"
EndProject
Project("{6141683F-8A12-4E36-9623-2EB02B2C2303}") = "Network Configurator", "Network Configurator\Network Configurator.isproj", "{0A4F60A5-E627-4283-9E7D-3064F24158E3}"
	ProjectSection(ProjectDependencies) = postProject
		{20826DB1-45D8-4742-BE71-630ED7A4AAC7} = {20826DB1-45D8-4742-BE71-630ED7A4AAC7}
	EndProjectSection
EndProject
Global
	GlobalSection(SolutionConfigurationPlatforms) = preSolution
		CD_ROM|Any CPU = CD_ROM|Any CPU
		Debug|Any CPU = Debug|Any CPU
		DVD-5|Any CPU = DVD-5|Any CPU
		Release|Any CPU = Release|Any CPU
		SingleImage|Any CPU = SingleImage|Any CPU
	EndGlobalSection
	GlobalSection(ProjectConfigurationPlatforms) = postSolution
		{20826DB1-45D8-4742-BE71-630ED7A4AAC7}.CD_ROM|Any CPU.ActiveCfg = Release|Any CPU
		{20826DB1-45D8-4742-BE71-630ED7A4AAC7}.CD_ROM|Any CPU.Build.0 = Release|Any CPU
		{20826DB1-45D8-4742-BE71-630ED7A4AAC7}.Debug|Any CPU.ActiveCfg = Debug|Any CPU
		{20826DB1-45D8-4742-BE71-630ED7A4AAC7}.Debug|Any CPU.Build.0 = Debug|Any CPU
		{20826DB1-45D8-4742-BE71-630ED7A4AAC7}.DVD-5|Any CPU.ActiveCfg = Debug|Any CPU
		{20826DB1-45D8-4742-BE71-630ED7A4AAC7}.DVD-5|Any CPU.Build.0 = Debug|Any CPU
		{20826DB1-45D8-4742-BE71-630ED7A4AAC7}.Release|Any CPU.ActiveCfg = Release|Any CPU
		{20826DB1-45D8-4742-BE71-630ED7A4AAC7}.Release|Any CPU.Build.0 = Release|Any CPU
		{20826DB1-45D8-4742-BE71-630ED7A4AAC7}.SingleImage|Any CPU.ActiveCfg = Release|Any CPU
		{20826DB1-45D8-4742-BE71-630ED7A4AAC7}.SingleImage|Any CPU.Build.0 = Release|Any CPU
		{0A4F60A5-E627-4283-9E7D-3064F24158E3}.CD_ROM|Any CPU.ActiveCfg = CD_ROM
		{0A4F60A5-E627-4283-9E7D-3064F24158E3}.CD_ROM|Any CPU.Build.0 = CD_ROM
		{0A4F60A5-E627-4283-9E7D-3064F24158E3}.Debug|Any CPU.ActiveCfg = DVD-5
		{0A4F60A5-E627-4283-9E7D-3064F24158E3}.Debug|Any CPU.Build.0 = DVD-5
		{0A4F60A5-E627-4283-9E7D-3064F24158E3}.DVD-5|Any CPU.ActiveCfg = DVD-5
		{0A4F60A5-E627-4283-9E7D-3064F24158E3}.DVD-5|Any CPU.Build.0 = DVD-5
		{0A4F60A5-E627-4283-9E7D-3064F24158E3}.Release|Any CPU.ActiveCfg = SingleImage
		{0A4F60A5-E627-4283-9E7D-3064F24158E3}.Release|Any CPU.Build.0 = SingleImage
		{0A4F60A5-E627-4283-9E7D-3064F24158E3}.SingleImage|Any CPU.ActiveCfg = SingleImage
		{0A4F60A5-E627-4283-9E7D-3064F24158E3}.SingleImage|Any CPU.Build.0 = SingleImage
	EndGlobalSection
	GlobalSection(SolutionProperties) = preSolution
		HideSolutionNode = FALSE
	EndGlobalSection
EndGlobal
